// !$*UTF8*$!
{
	archiveVersion = 1;
	classes = {
	};
	objectVersion = 56;
	objects = {

/* Begin PBXBuildFile section */
		A3B5AB422BF498D900C94C64 /* Co_op_BankApp.swift in Sources */ = {isa = PBXBuildFile; fileRef = A3B5AB412BF498D900C94C64 /* Co_op_BankApp.swift */; };
		A3B5AB442BF498D900C94C64 /* ContentView.swift in Sources */ = {isa = PBXBuildFile; fileRef = A3B5AB432BF498D900C94C64 /* ContentView.swift */; };
		A3B5AB462BF498DB00C94C64 /* Assets.xcassets in Resources */ = {isa = PBXBuildFile; fileRef = A3B5AB452BF498DB00C94C64 /* Assets.xcassets */; };
		A3B5AB492BF498DB00C94C64 /* Preview Assets.xcassets in Resources */ = {isa = PBXBuildFile; fileRef = A3B5AB482BF498DB00C94C64 /* Preview Assets.xcassets */; };
		A3B5AB502BF49B4200C94C64 /* LoginView.swift in Sources */ = {isa = PBXBuildFile; fileRef = A3B5AB4F2BF49B4200C94C64 /* LoginView.swift */; };
		A3B5AB542BF4A06A00C94C64 /* HomeView.swift in Sources */ = {isa = PBXBuildFile; fileRef = A3B5AB532BF4A06A00C94C64 /* HomeView.swift */; };
		A3B5AB5E2BF4A5EA00C94C64 /* PrimaryButtonModifier.swift in Sources */ = {isa = PBXBuildFile; fileRef = A3B5AB5D2BF4A5EA00C94C64 /* PrimaryButtonModifier.swift */; };
		A3B5AB602BF4A5FC00C94C64 /* ToastModifier.swift in Sources */ = {isa = PBXBuildFile; fileRef = A3B5AB5F2BF4A5FC00C94C64 /* ToastModifier.swift */; };
		A3B5AB632BF4A63900C94C64 /* Toast.swift in Sources */ = {isa = PBXBuildFile; fileRef = A3B5AB622BF4A63900C94C64 /* Toast.swift */; };
		A3B5AB652BF4A64E00C94C64 /* ToastStyle.swift in Sources */ = {isa = PBXBuildFile; fileRef = A3B5AB642BF4A64E00C94C64 /* ToastStyle.swift */; };
		A3B5AB682BF4A68B00C94C64 /* ToastView.swift in Sources */ = {isa = PBXBuildFile; fileRef = A3B5AB672BF4A68B00C94C64 /* ToastView.swift */; };
		A3B5AB6C2BF4A6E300C94C64 /* View.swift in Sources */ = {isa = PBXBuildFile; fileRef = A3B5AB6B2BF4A6E300C94C64 /* View.swift */; };
		A3B5AB6F2BF4A73200C94C64 /* Constants.swift in Sources */ = {isa = PBXBuildFile; fileRef = A3B5AB6E2BF4A73200C94C64 /* Constants.swift */; };
		A3B5AB712BF4A74600C94C64 /* NetworkUtils.swift in Sources */ = {isa = PBXBuildFile; fileRef = A3B5AB702BF4A74600C94C64 /* NetworkUtils.swift */; };
		A3B5AB732BF4A75A00C94C64 /* APIError.swift in Sources */ = {isa = PBXBuildFile; fileRef = A3B5AB722BF4A75A00C94C64 /* APIError.swift */; };
		A3B5AB802BF4A97900C94C64 /* AuthenticationViewmodel.swift in Sources */ = {isa = PBXBuildFile; fileRef = A3B5AB7F2BF4A97900C94C64 /* AuthenticationViewmodel.swift */; };
		A3B5AB842BF4A9F100C94C64 /* AuthRemoteDataSource.swift in Sources */ = {isa = PBXBuildFile; fileRef = A3B5AB832BF4A9F100C94C64 /* AuthRemoteDataSource.swift */; };
		A3B5AB872BF4AB6D00C94C64 /* UserRequestModel.swift in Sources */ = {isa = PBXBuildFile; fileRef = A3B5AB862BF4AB6D00C94C64 /* UserRequestModel.swift */; };
		A3B5AB8A2BF4ABB300C94C64 /* UserRequestEntity.swift in Sources */ = {isa = PBXBuildFile; fileRef = A3B5AB892BF4ABB300C94C64 /* UserRequestEntity.swift */; };
		A3B5AB8C2BF4ACB900C94C64 /* UserResponseModel.swift in Sources */ = {isa = PBXBuildFile; fileRef = A3B5AB8B2BF4ACB900C94C64 /* UserResponseModel.swift */; };
		A3B5AB8E2BF4ACFC00C94C64 /* UserResponseEntity.swift in Sources */ = {isa = PBXBuildFile; fileRef = A3B5AB8D2BF4ACFC00C94C64 /* UserResponseEntity.swift */; };
		A3B5AB912BF4AEA800C94C64 /* AuthenticateUserRepositoryProtocol.swift in Sources */ = {isa = PBXBuildFile; fileRef = A3B5AB902BF4AEA800C94C64 /* AuthenticateUserRepositoryProtocol.swift */; };
		A3B5AB942BF4AEF900C94C64 /* AuthRepository.swift in Sources */ = {isa = PBXBuildFile; fileRef = A3B5AB932BF4AEF900C94C64 /* AuthRepository.swift */; };
		A3B5AB972BF4B0AD00C94C64 /* AuthUsecases.swift in Sources */ = {isa = PBXBuildFile; fileRef = A3B5AB962BF4B0AD00C94C64 /* AuthUsecases.swift */; };
		A3B5AB992BF4B19F00C94C64 /* FetchState.swift in Sources */ = {isa = PBXBuildFile; fileRef = A3B5AB982BF4B19F00C94C64 /* FetchState.swift */; };
		A3B5AB9B2BF4B5FF00C94C64 /* LoginGroupView.swift in Sources */ = {isa = PBXBuildFile; fileRef = A3B5AB9A2BF4B5FF00C94C64 /* LoginGroupView.swift */; };
/* End PBXBuildFile section */

/* Begin PBXFileReference section */
		A3B5AB3E2BF498D900C94C64 /* Co-op-Bank.app */ = {isa = PBXFileReference; explicitFileType = wrapper.application; includeInIndex = 0; path = "Co-op-Bank.app"; sourceTree = BUILT_PRODUCTS_DIR; };
		A3B5AB412BF498D900C94C64 /* Co_op_BankApp.swift */ = {isa = PBXFileReference; lastKnownFileType = sourcecode.swift; path = Co_op_BankApp.swift; sourceTree = "<group>"; };
		A3B5AB432BF498D900C94C64 /* ContentView.swift */ = {isa = PBXFileReference; lastKnownFileType = sourcecode.swift; path = ContentView.swift; sourceTree = "<group>"; };
		A3B5AB452BF498DB00C94C64 /* Assets.xcassets */ = {isa = PBXFileReference; lastKnownFileType = folder.assetcatalog; path = Assets.xcassets; sourceTree = "<group>"; };
		A3B5AB482BF498DB00C94C64 /* Preview Assets.xcassets */ = {isa = PBXFileReference; lastKnownFileType = folder.assetcatalog; path = "Preview Assets.xcassets"; sourceTree = "<group>"; };
		A3B5AB4F2BF49B4200C94C64 /* LoginView.swift */ = {isa = PBXFileReference; lastKnownFileType = sourcecode.swift; path = LoginView.swift; sourceTree = "<group>"; };
		A3B5AB532BF4A06A00C94C64 /* HomeView.swift */ = {isa = PBXFileReference; lastKnownFileType = sourcecode.swift; path = HomeView.swift; sourceTree = "<group>"; };
		A3B5AB5D2BF4A5EA00C94C64 /* PrimaryButtonModifier.swift */ = {isa = PBXFileReference; lastKnownFileType = sourcecode.swift; path = PrimaryButtonModifier.swift; sourceTree = "<group>"; };
		A3B5AB5F2BF4A5FC00C94C64 /* ToastModifier.swift */ = {isa = PBXFileReference; lastKnownFileType = sourcecode.swift; path = ToastModifier.swift; sourceTree = "<group>"; };
		A3B5AB622BF4A63900C94C64 /* Toast.swift */ = {isa = PBXFileReference; lastKnownFileType = sourcecode.swift; path = Toast.swift; sourceTree = "<group>"; };
		A3B5AB642BF4A64E00C94C64 /* ToastStyle.swift */ = {isa = PBXFileReference; lastKnownFileType = sourcecode.swift; path = ToastStyle.swift; sourceTree = "<group>"; };
		A3B5AB672BF4A68B00C94C64 /* ToastView.swift */ = {isa = PBXFileReference; lastKnownFileType = sourcecode.swift; path = ToastView.swift; sourceTree = "<group>"; };
		A3B5AB6B2BF4A6E300C94C64 /* View.swift */ = {isa = PBXFileReference; lastKnownFileType = sourcecode.swift; path = View.swift; sourceTree = "<group>"; };
		A3B5AB6E2BF4A73200C94C64 /* Constants.swift */ = {isa = PBXFileReference; lastKnownFileType = sourcecode.swift; path = Constants.swift; sourceTree = "<group>"; };
		A3B5AB702BF4A74600C94C64 /* NetworkUtils.swift */ = {isa = PBXFileReference; lastKnownFileType = sourcecode.swift; path = NetworkUtils.swift; sourceTree = "<group>"; };
		A3B5AB722BF4A75A00C94C64 /* APIError.swift */ = {isa = PBXFileReference; lastKnownFileType = sourcecode.swift; path = APIError.swift; sourceTree = "<group>"; };
		A3B5AB7F2BF4A97900C94C64 /* AuthenticationViewmodel.swift */ = {isa = PBXFileReference; lastKnownFileType = sourcecode.swift; path = AuthenticationViewmodel.swift; sourceTree = "<group>"; };
		A3B5AB832BF4A9F100C94C64 /* AuthRemoteDataSource.swift */ = {isa = PBXFileReference; lastKnownFileType = sourcecode.swift; path = AuthRemoteDataSource.swift; sourceTree = "<group>"; };
		A3B5AB862BF4AB6D00C94C64 /* UserRequestModel.swift */ = {isa = PBXFileReference; lastKnownFileType = sourcecode.swift; path = UserRequestModel.swift; sourceTree = "<group>"; };
		A3B5AB892BF4ABB300C94C64 /* UserRequestEntity.swift */ = {isa = PBXFileReference; lastKnownFileType = sourcecode.swift; path = UserRequestEntity.swift; sourceTree = "<group>"; };
		A3B5AB8B2BF4ACB900C94C64 /* UserResponseModel.swift */ = {isa = PBXFileReference; lastKnownFileType = sourcecode.swift; path = UserResponseModel.swift; sourceTree = "<group>"; };
		A3B5AB8D2BF4ACFC00C94C64 /* UserResponseEntity.swift */ = {isa = PBXFileReference; lastKnownFileType = sourcecode.swift; path = UserResponseEntity.swift; sourceTree = "<group>"; };
		A3B5AB902BF4AEA800C94C64 /* AuthenticateUserRepositoryProtocol.swift */ = {isa = PBXFileReference; lastKnownFileType = sourcecode.swift; path = AuthenticateUserRepositoryProtocol.swift; sourceTree = "<group>"; };
		A3B5AB932BF4AEF900C94C64 /* AuthRepository.swift */ = {isa = PBXFileReference; lastKnownFileType = sourcecode.swift; path = AuthRepository.swift; sourceTree = "<group>"; };
		A3B5AB962BF4B0AD00C94C64 /* AuthUsecases.swift */ = {isa = PBXFileReference; lastKnownFileType = sourcecode.swift; path = AuthUsecases.swift; sourceTree = "<group>"; };
		A3B5AB982BF4B19F00C94C64 /* FetchState.swift */ = {isa = PBXFileReference; lastKnownFileType = sourcecode.swift; path = FetchState.swift; sourceTree = "<group>"; };
		A3B5AB9A2BF4B5FF00C94C64 /* LoginGroupView.swift */ = {isa = PBXFileReference; lastKnownFileType = sourcecode.swift; path = LoginGroupView.swift; sourceTree = "<group>"; };
/* End PBXFileReference section */

/* Begin PBXFrameworksBuildPhase section */
		A3B5AB3B2BF498D900C94C64 /* Frameworks */ = {
			isa = PBXFrameworksBuildPhase;
			buildActionMask = 2147483647;
			files = (
			);
			runOnlyForDeploymentPostprocessing = 0;
		};
/* End PBXFrameworksBuildPhase section */

/* Begin PBXGroup section */
		A3B5AB352BF498D900C94C64 = {
			isa = PBXGroup;
			children = (
				A3B5AB402BF498D900C94C64 /* Co-op-Bank */,
				A3B5AB3F2BF498D900C94C64 /* Products */,
			);
			sourceTree = "<group>";
		};
		A3B5AB3F2BF498D900C94C64 /* Products */ = {
			isa = PBXGroup;
			children = (
				A3B5AB3E2BF498D900C94C64 /* Co-op-Bank.app */,
			);
			name = Products;
			sourceTree = "<group>";
		};
		A3B5AB402BF498D900C94C64 /* Co-op-Bank */ = {
			isa = PBXGroup;
			children = (
				A3B5AB572BF4A55F00C94C64 /* App */,
				A3B5AB452BF498DB00C94C64 /* Assets.xcassets */,
				A3B5AB432BF498D900C94C64 /* ContentView.swift */,
				A3B5AB552BF4A53400C94C64 /* Core */,
				A3B5AB562BF4A53F00C94C64 /* Features */,
				A3B5AB472BF498DB00C94C64 /* Preview Content */,
			);
			path = "Co-op-Bank";
			sourceTree = "<group>";
		};
		A3B5AB472BF498DB00C94C64 /* Preview Content */ = {
			isa = PBXGroup;
			children = (
				A3B5AB482BF498DB00C94C64 /* Preview Assets.xcassets */,
			);
			path = "Preview Content";
			sourceTree = "<group>";
		};
		A3B5AB552BF4A53400C94C64 /* Core */ = {
			isa = PBXGroup;
			children = (
				A3B5AB6D2BF4A72200C94C64 /* Utils */,
				A3B5AB692BF4A6D100C94C64 /* Extensions */,
				A3B5AB662BF4A67F00C94C64 /* Components */,
				A3B5AB612BF4A62B00C94C64 /* Base+Models */,
				A3B5AB5C2BF4A5C500C94C64 /* Modifiers */,
			);
			path = Core;
			sourceTree = "<group>";
		};
		A3B5AB562BF4A53F00C94C64 /* Features */ = {
			isa = PBXGroup;
			children = (
				A3B5AB582BF4A56800C94C64 /* Authentication */,
				A3B5AB742BF4A8CB00C94C64 /* Home */,
			);
			path = Features;
			sourceTree = "<group>";
		};
		A3B5AB572BF4A55F00C94C64 /* App */ = {
			isa = PBXGroup;
			children = (
				A3B5AB412BF498D900C94C64 /* Co_op_BankApp.swift */,
			);
			path = App;
			sourceTree = "<group>";
		};
		A3B5AB582BF4A56800C94C64 /* Authentication */ = {
			isa = PBXGroup;
			children = (
				A3B5AB592BF4A57E00C94C64 /* Data */,
				A3B5AB5B2BF4A59700C94C64 /* Domain */,
				A3B5AB5A2BF4A58300C94C64 /* Presentation */,
			);
			path = Authentication;
			sourceTree = "<group>";
		};
		A3B5AB592BF4A57E00C94C64 /* Data */ = {
			isa = PBXGroup;
			children = (
				A3B5AB922BF4AEE700C94C64 /* Repositories */,
				A3B5AB852BF4AB6400C94C64 /* Models */,
				A3B5AB812BF4A9D100C94C64 /* DataSource */,
			);
			path = Data;
			sourceTree = "<group>";
		};
		A3B5AB5A2BF4A58300C94C64 /* Presentation */ = {
			isa = PBXGroup;
			children = (
				A3B5AB7B2BF4A92F00C94C64 /* View */,
				A3B5AB7A2BF4A92900C94C64 /* ViewModel */,
			);
			path = Presentation;
			sourceTree = "<group>";
		};
		A3B5AB5B2BF4A59700C94C64 /* Domain */ = {
			isa = PBXGroup;
			children = (
				A3B5AB952BF4B09400C94C64 /* Usecases */,
				A3B5AB8F2BF4AE9F00C94C64 /* Repositoris */,
				A3B5AB882BF4AB9C00C94C64 /* Entities */,
			);
			path = Domain;
			sourceTree = "<group>";
		};
		A3B5AB5C2BF4A5C500C94C64 /* Modifiers */ = {
			isa = PBXGroup;
			children = (
				A3B5AB5D2BF4A5EA00C94C64 /* PrimaryButtonModifier.swift */,
				A3B5AB5F2BF4A5FC00C94C64 /* ToastModifier.swift */,
			);
			path = Modifiers;
			sourceTree = "<group>";
		};
		A3B5AB612BF4A62B00C94C64 /* Base+Models */ = {
			isa = PBXGroup;
			children = (
				A3B5AB622BF4A63900C94C64 /* Toast.swift */,
				A3B5AB642BF4A64E00C94C64 /* ToastStyle.swift */,
				A3B5AB722BF4A75A00C94C64 /* APIError.swift */,
				A3B5AB982BF4B19F00C94C64 /* FetchState.swift */,
			);
			path = "Base+Models";
			sourceTree = "<group>";
		};
		A3B5AB662BF4A67F00C94C64 /* Components */ = {
			isa = PBXGroup;
			children = (
				A3B5AB672BF4A68B00C94C64 /* ToastView.swift */,
			);
			path = Components;
			sourceTree = "<group>";
		};
		A3B5AB692BF4A6D100C94C64 /* Extensions */ = {
			isa = PBXGroup;
			children = (
				A3B5AB6B2BF4A6E300C94C64 /* View.swift */,
			);
			path = Extensions;
			sourceTree = "<group>";
		};
		A3B5AB6D2BF4A72200C94C64 /* Utils */ = {
			isa = PBXGroup;
			children = (
				A3B5AB6E2BF4A73200C94C64 /* Constants.swift */,
				A3B5AB702BF4A74600C94C64 /* NetworkUtils.swift */,
			);
			path = Utils;
			sourceTree = "<group>";
		};
		A3B5AB742BF4A8CB00C94C64 /* Home */ = {
			isa = PBXGroup;
			children = (
				A3B5AB772BF4A8DB00C94C64 /* Domain */,
				A3B5AB762BF4A8D600C94C64 /* Data */,
				A3B5AB752BF4A8CE00C94C64 /* Presentation */,
			);
			path = Home;
			sourceTree = "<group>";
		};
		A3B5AB752BF4A8CE00C94C64 /* Presentation */ = {
			isa = PBXGroup;
			children = (
				A3B5AB792BF4A91800C94C64 /* View */,
				A3B5AB782BF4A90D00C94C64 /* ViewModel */,
			);
			path = Presentation;
			sourceTree = "<group>";
		};
		A3B5AB762BF4A8D600C94C64 /* Data */ = {
			isa = PBXGroup;
			children = (
			);
			path = Data;
			sourceTree = "<group>";
		};
		A3B5AB772BF4A8DB00C94C64 /* Domain */ = {
			isa = PBXGroup;
			children = (
			);
			path = Domain;
			sourceTree = "<group>";
		};
		A3B5AB782BF4A90D00C94C64 /* ViewModel */ = {
			isa = PBXGroup;
			children = (
			);
			path = ViewModel;
			sourceTree = "<group>";
		};
		A3B5AB792BF4A91800C94C64 /* View */ = {
			isa = PBXGroup;
			children = (
				A3B5AB532BF4A06A00C94C64 /* HomeView.swift */,
			);
			path = View;
			sourceTree = "<group>";
		};
		A3B5AB7A2BF4A92900C94C64 /* ViewModel */ = {
			isa = PBXGroup;
			children = (
				A3B5AB7F2BF4A97900C94C64 /* AuthenticationViewmodel.swift */,
			);
			path = ViewModel;
			sourceTree = "<group>";
		};
		A3B5AB7B2BF4A92F00C94C64 /* View */ = {
			isa = PBXGroup;
			children = (
				A3B5AB4F2BF49B4200C94C64 /* LoginView.swift */,
				A3B5AB9A2BF4B5FF00C94C64 /* LoginGroupView.swift */,
			);
			path = View;
			sourceTree = "<group>";
		};
		A3B5AB812BF4A9D100C94C64 /* DataSource */ = {
			isa = PBXGroup;
			children = (
				A3B5AB822BF4A9DA00C94C64 /* Remote */,
			);
			path = DataSource;
			sourceTree = "<group>";
		};
		A3B5AB822BF4A9DA00C94C64 /* Remote */ = {
			isa = PBXGroup;
			children = (
				A3B5AB832BF4A9F100C94C64 /* AuthRemoteDataSource.swift */,
			);
			path = Remote;
			sourceTree = "<group>";
		};
		A3B5AB852BF4AB6400C94C64 /* Models */ = {
			isa = PBXGroup;
			children = (
				A3B5AB862BF4AB6D00C94C64 /* UserRequestModel.swift */,
				A3B5AB8B2BF4ACB900C94C64 /* UserResponseModel.swift */,
			);
			path = Models;
			sourceTree = "<group>";
		};
		A3B5AB882BF4AB9C00C94C64 /* Entities */ = {
			isa = PBXGroup;
			children = (
				A3B5AB892BF4ABB300C94C64 /* UserRequestEntity.swift */,
				A3B5AB8D2BF4ACFC00C94C64 /* UserResponseEntity.swift */,
			);
			path = Entities;
			sourceTree = "<group>";
		};
		A3B5AB8F2BF4AE9F00C94C64 /* Repositoris */ = {
			isa = PBXGroup;
			children = (
				A3B5AB902BF4AEA800C94C64 /* AuthenticateUserRepositoryProtocol.swift */,
			);
			path = Repositoris;
			sourceTree = "<group>";
		};
		A3B5AB922BF4AEE700C94C64 /* Repositories */ = {
			isa = PBXGroup;
			children = (
				A3B5AB932BF4AEF900C94C64 /* AuthRepository.swift */,
			);
			path = Repositories;
			sourceTree = "<group>";
		};
		A3B5AB952BF4B09400C94C64 /* Usecases */ = {
			isa = PBXGroup;
			children = (
				A3B5AB962BF4B0AD00C94C64 /* AuthUsecases.swift */,
			);
			path = Usecases;
			sourceTree = "<group>";
		};
/* End PBXGroup section */

/* Begin PBXNativeTarget section */
		A3B5AB3D2BF498D900C94C64 /* Co-op-Bank */ = {
			isa = PBXNativeTarget;
			buildConfigurationList = A3B5AB4C2BF498DB00C94C64 /* Build configuration list for PBXNativeTarget "Co-op-Bank" */;
			buildPhases = (
				A3B5AB3A2BF498D900C94C64 /* Sources */,
				A3B5AB3B2BF498D900C94C64 /* Frameworks */,
				A3B5AB3C2BF498D900C94C64 /* Resources */,
			);
			buildRules = (
			);
			dependencies = (
			);
			name = "Co-op-Bank";
			productName = "Co-op-Bank";
			productReference = A3B5AB3E2BF498D900C94C64 /* Co-op-Bank.app */;
			productType = "com.apple.product-type.application";
		};
/* End PBXNativeTarget section */

/* Begin PBXProject section */
		A3B5AB362BF498D900C94C64 /* Project object */ = {
			isa = PBXProject;
			attributes = {
				BuildIndependentTargetsInParallel = 1;
				LastSwiftUpdateCheck = 1510;
				LastUpgradeCheck = 1510;
				TargetAttributes = {
					A3B5AB3D2BF498D900C94C64 = {
						CreatedOnToolsVersion = 15.1;
					};
				};
			};
			buildConfigurationList = A3B5AB392BF498D900C94C64 /* Build configuration list for PBXProject "Co-op-Bank" */;
			compatibilityVersion = "Xcode 14.0";
			developmentRegion = en;
			hasScannedForEncodings = 0;
			knownRegions = (
				en,
				Base,
			);
			mainGroup = A3B5AB352BF498D900C94C64;
			productRefGroup = A3B5AB3F2BF498D900C94C64 /* Products */;
			projectDirPath = "";
			projectRoot = "";
			targets = (
				A3B5AB3D2BF498D900C94C64 /* Co-op-Bank */,
			);
		};
/* End PBXProject section */

/* Begin PBXResourcesBuildPhase section */
		A3B5AB3C2BF498D900C94C64 /* Resources */ = {
			isa = PBXResourcesBuildPhase;
			buildActionMask = 2147483647;
			files = (
				A3B5AB492BF498DB00C94C64 /* Preview Assets.xcassets in Resources */,
				A3B5AB462BF498DB00C94C64 /* Assets.xcassets in Resources */,
			);
			runOnlyForDeploymentPostprocessing = 0;
		};
/* End PBXResourcesBuildPhase section */

/* Begin PBXSourcesBuildPhase section */
		A3B5AB3A2BF498D900C94C64 /* Sources */ = {
			isa = PBXSourcesBuildPhase;
			buildActionMask = 2147483647;
			files = (
				A3B5AB5E2BF4A5EA00C94C64 /* PrimaryButtonModifier.swift in Sources */,
				A3B5AB6F2BF4A73200C94C64 /* Constants.swift in Sources */,
				A3B5AB502BF49B4200C94C64 /* LoginView.swift in Sources */,
				A3B5AB972BF4B0AD00C94C64 /* AuthUsecases.swift in Sources */,
				A3B5AB912BF4AEA800C94C64 /* AuthenticateUserRepositoryProtocol.swift in Sources */,
				A3B5AB6C2BF4A6E300C94C64 /* View.swift in Sources */,
				A3B5AB712BF4A74600C94C64 /* NetworkUtils.swift in Sources */,
				A3B5AB542BF4A06A00C94C64 /* HomeView.swift in Sources */,
				A3B5AB442BF498D900C94C64 /* ContentView.swift in Sources */,
				A3B5AB602BF4A5FC00C94C64 /* ToastModifier.swift in Sources */,
				A3B5AB992BF4B19F00C94C64 /* FetchState.swift in Sources */,
				A3B5AB8E2BF4ACFC00C94C64 /* UserResponseEntity.swift in Sources */,
				A3B5AB8A2BF4ABB300C94C64 /* UserRequestEntity.swift in Sources */,
				A3B5AB422BF498D900C94C64 /* Co_op_BankApp.swift in Sources */,
				A3B5AB632BF4A63900C94C64 /* Toast.swift in Sources */,
				A3B5AB872BF4AB6D00C94C64 /* UserRequestModel.swift in Sources */,
				A3B5AB9B2BF4B5FF00C94C64 /* LoginGroupView.swift in Sources */,
				A3B5AB802BF4A97900C94C64 /* AuthenticationViewmodel.swift in Sources */,
				A3B5AB682BF4A68B00C94C64 /* ToastView.swift in Sources */,
				A3B5AB842BF4A9F100C94C64 /* AuthRemoteDataSource.swift in Sources */,
				A3B5AB8C2BF4ACB900C94C64 /* UserResponseModel.swift in Sources */,
				A3B5AB942BF4AEF900C94C64 /* AuthRepository.swift in Sources */,
				A3B5AB652BF4A64E00C94C64 /* ToastStyle.swift in Sources */,
				A3B5AB732BF4A75A00C94C64 /* APIError.swift in Sources */,
			);
			runOnlyForDeploymentPostprocessing = 0;
		};
/* End PBXSourcesBuildPhase section */

/* Begin XCBuildConfiguration section */
		A3B5AB4A2BF498DB00C94C64 /* Debug */ = {
			isa = XCBuildConfiguration;
			buildSettings = {
				ALWAYS_SEARCH_USER_PATHS = NO;
				ASSETCATALOG_COMPILER_GENERATE_SWIFT_ASSET_SYMBOL_EXTENSIONS = YES;
				CLANG_ANALYZER_NONNULL = YES;
				CLANG_ANALYZER_NUMBER_OBJECT_CONVERSION = YES_AGGRESSIVE;
				CLANG_CXX_LANGUAGE_STANDARD = "gnu++20";
				CLANG_ENABLE_MODULES = YES;
				CLANG_ENABLE_OBJC_ARC = YES;
				CLANG_ENABLE_OBJC_WEAK = YES;
				CLANG_WARN_BLOCK_CAPTURE_AUTORELEASING = YES;
				CLANG_WARN_BOOL_CONVERSION = YES;
				CLANG_WARN_COMMA = YES;
				CLANG_WARN_CONSTANT_CONVERSION = YES;
				CLANG_WARN_DEPRECATED_OBJC_IMPLEMENTATIONS = YES;
				CLANG_WARN_DIRECT_OBJC_ISA_USAGE = YES_ERROR;
				CLANG_WARN_DOCUMENTATION_COMMENTS = YES;
				CLANG_WARN_EMPTY_BODY = YES;
				CLANG_WARN_ENUM_CONVERSION = YES;
				CLANG_WARN_INFINITE_RECURSION = YES;
				CLANG_WARN_INT_CONVERSION = YES;
				CLANG_WARN_NON_LITERAL_NULL_CONVERSION = YES;
				CLANG_WARN_OBJC_IMPLICIT_RETAIN_SELF = YES;
				CLANG_WARN_OBJC_LITERAL_CONVERSION = YES;
				CLANG_WARN_OBJC_ROOT_CLASS = YES_ERROR;
				CLANG_WARN_QUOTED_INCLUDE_IN_FRAMEWORK_HEADER = YES;
				CLANG_WARN_RANGE_LOOP_ANALYSIS = YES;
				CLANG_WARN_STRICT_PROTOTYPES = YES;
				CLANG_WARN_SUSPICIOUS_MOVE = YES;
				CLANG_WARN_UNGUARDED_AVAILABILITY = YES_AGGRESSIVE;
				CLANG_WARN_UNREACHABLE_CODE = YES;
				CLANG_WARN__DUPLICATE_METHOD_MATCH = YES;
				COPY_PHASE_STRIP = NO;
				DEBUG_INFORMATION_FORMAT = dwarf;
				ENABLE_STRICT_OBJC_MSGSEND = YES;
				ENABLE_TESTABILITY = YES;
				ENABLE_USER_SCRIPT_SANDBOXING = YES;
				GCC_C_LANGUAGE_STANDARD = gnu17;
				GCC_DYNAMIC_NO_PIC = NO;
				GCC_NO_COMMON_BLOCKS = YES;
				GCC_OPTIMIZATION_LEVEL = 0;
				GCC_PREPROCESSOR_DEFINITIONS = (
					"DEBUG=1",
					"$(inherited)",
				);
				GCC_WARN_64_TO_32_BIT_CONVERSION = YES;
				GCC_WARN_ABOUT_RETURN_TYPE = YES_ERROR;
				GCC_WARN_UNDECLARED_SELECTOR = YES;
				GCC_WARN_UNINITIALIZED_AUTOS = YES_AGGRESSIVE;
				GCC_WARN_UNUSED_FUNCTION = YES;
				GCC_WARN_UNUSED_VARIABLE = YES;
				IPHONEOS_DEPLOYMENT_TARGET = 17.2;
				LOCALIZATION_PREFERS_STRING_CATALOGS = YES;
				MTL_ENABLE_DEBUG_INFO = INCLUDE_SOURCE;
				MTL_FAST_MATH = YES;
				ONLY_ACTIVE_ARCH = YES;
				SDKROOT = iphoneos;
				SWIFT_ACTIVE_COMPILATION_CONDITIONS = "DEBUG $(inherited)";
				SWIFT_OPTIMIZATION_LEVEL = "-Onone";
			};
			name = Debug;
		};
		A3B5AB4B2BF498DB00C94C64 /* Release */ = {
			isa = XCBuildConfiguration;
			buildSettings = {
				ALWAYS_SEARCH_USER_PATHS = NO;
				ASSETCATALOG_COMPILER_GENERATE_SWIFT_ASSET_SYMBOL_EXTENSIONS = YES;
				CLANG_ANALYZER_NONNULL = YES;
				CLANG_ANALYZER_NUMBER_OBJECT_CONVERSION = YES_AGGRESSIVE;
				CLANG_CXX_LANGUAGE_STANDARD = "gnu++20";
				CLANG_ENABLE_MODULES = YES;
				CLANG_ENABLE_OBJC_ARC = YES;
				CLANG_ENABLE_OBJC_WEAK = YES;
				CLANG_WARN_BLOCK_CAPTURE_AUTORELEASING = YES;
				CLANG_WARN_BOOL_CONVERSION = YES;
				CLANG_WARN_COMMA = YES;
				CLANG_WARN_CONSTANT_CONVERSION = YES;
				CLANG_WARN_DEPRECATED_OBJC_IMPLEMENTATIONS = YES;
				CLANG_WARN_DIRECT_OBJC_ISA_USAGE = YES_ERROR;
				CLANG_WARN_DOCUMENTATION_COMMENTS = YES;
				CLANG_WARN_EMPTY_BODY = YES;
				CLANG_WARN_ENUM_CONVERSION = YES;
				CLANG_WARN_INFINITE_RECURSION = YES;
				CLANG_WARN_INT_CONVERSION = YES;
				CLANG_WARN_NON_LITERAL_NULL_CONVERSION = YES;
				CLANG_WARN_OBJC_IMPLICIT_RETAIN_SELF = YES;
				CLANG_WARN_OBJC_LITERAL_CONVERSION = YES;
				CLANG_WARN_OBJC_ROOT_CLASS = YES_ERROR;
				CLANG_WARN_QUOTED_INCLUDE_IN_FRAMEWORK_HEADER = YES;
				CLANG_WARN_RANGE_LOOP_ANALYSIS = YES;
				CLANG_WARN_STRICT_PROTOTYPES = YES;
				CLANG_WARN_SUSPICIOUS_MOVE = YES;
				CLANG_WARN_UNGUARDED_AVAILABILITY = YES_AGGRESSIVE;
				CLANG_WARN_UNREACHABLE_CODE = YES;
				CLANG_WARN__DUPLICATE_METHOD_MATCH = YES;
				COPY_PHASE_STRIP = NO;
				DEBUG_INFORMATION_FORMAT = "dwarf-with-dsym";
				ENABLE_NS_ASSERTIONS = NO;
				ENABLE_STRICT_OBJC_MSGSEND = YES;
				ENABLE_USER_SCRIPT_SANDBOXING = YES;
				GCC_C_LANGUAGE_STANDARD = gnu17;
				GCC_NO_COMMON_BLOCKS = YES;
				GCC_WARN_64_TO_32_BIT_CONVERSION = YES;
				GCC_WARN_ABOUT_RETURN_TYPE = YES_ERROR;
				GCC_WARN_UNDECLARED_SELECTOR = YES;
				GCC_WARN_UNINITIALIZED_AUTOS = YES_AGGRESSIVE;
				GCC_WARN_UNUSED_FUNCTION = YES;
				GCC_WARN_UNUSED_VARIABLE = YES;
				IPHONEOS_DEPLOYMENT_TARGET = 17.2;
				LOCALIZATION_PREFERS_STRING_CATALOGS = YES;
				MTL_ENABLE_DEBUG_INFO = NO;
				MTL_FAST_MATH = YES;
				SDKROOT = iphoneos;
				SWIFT_COMPILATION_MODE = wholemodule;
				VALIDATE_PRODUCT = YES;
			};
			name = Release;
		};
		A3B5AB4D2BF498DB00C94C64 /* Debug */ = {
			isa = XCBuildConfiguration;
			buildSettings = {
				ASSETCATALOG_COMPILER_APPICON_NAME = AppIcon;
				ASSETCATALOG_COMPILER_GLOBAL_ACCENT_COLOR_NAME = AccentColor;
				CODE_SIGN_STYLE = Automatic;
				CURRENT_PROJECT_VERSION = 1;
				DEVELOPMENT_ASSET_PATHS = "\"Co-op-Bank/Preview Content\"";
				DEVELOPMENT_TEAM = H8Q452Q9H8;
				ENABLE_PREVIEWS = YES;
				GENERATE_INFOPLIST_FILE = YES;
				INFOPLIST_KEY_UIApplicationSceneManifest_Generation = YES;
				INFOPLIST_KEY_UIApplicationSupportsIndirectInputEvents = YES;
				INFOPLIST_KEY_UILaunchScreen_Generation = YES;
				INFOPLIST_KEY_UISupportedInterfaceOrientations_iPad = "UIInterfaceOrientationPortrait UIInterfaceOrientationPortraitUpsideDown UIInterfaceOrientationLandscapeLeft UIInterfaceOrientationLandscapeRight";
				INFOPLIST_KEY_UISupportedInterfaceOrientations_iPhone = "UIInterfaceOrientationPortrait UIInterfaceOrientationLandscapeLeft UIInterfaceOrientationLandscapeRight";
				LD_RUNPATH_SEARCH_PATHS = (
					"$(inherited)",
					"@executable_path/Frameworks",
				);
				MARKETING_VERSION = 1.0;
				PRODUCT_BUNDLE_IDENTIFIER = "com.safiribyetes.Co-op-Bank";
				PRODUCT_NAME = "$(TARGET_NAME)";
				SWIFT_EMIT_LOC_STRINGS = YES;
				SWIFT_VERSION = 5.0;
				TARGETED_DEVICE_FAMILY = "1,2";
			};
			name = Debug;
		};
		A3B5AB4E2BF498DB00C94C64 /* Release */ = {
			isa = XCBuildConfiguration;
			buildSettings = {
				ASSETCATALOG_COMPILER_APPICON_NAME = AppIcon;
				ASSETCATALOG_COMPILER_GLOBAL_ACCENT_COLOR_NAME = AccentColor;
				CODE_SIGN_STYLE = Automatic;
				CURRENT_PROJECT_VERSION = 1;
				DEVELOPMENT_ASSET_PATHS = "\"Co-op-Bank/Preview Content\"";
				DEVELOPMENT_TEAM = H8Q452Q9H8;
				ENABLE_PREVIEWS = YES;
				GENERATE_INFOPLIST_FILE = YES;
				INFOPLIST_KEY_UIApplicationSceneManifest_Generation = YES;
				INFOPLIST_KEY_UIApplicationSupportsIndirectInputEvents = YES;
				INFOPLIST_KEY_UILaunchScreen_Generation = YES;
				INFOPLIST_KEY_UISupportedInterfaceOrientations_iPad = "UIInterfaceOrientationPortrait UIInterfaceOrientationPortraitUpsideDown UIInterfaceOrientationLandscapeLeft UIInterfaceOrientationLandscapeRight";
				INFOPLIST_KEY_UISupportedInterfaceOrientations_iPhone = "UIInterfaceOrientationPortrait UIInterfaceOrientationLandscapeLeft UIInterfaceOrientationLandscapeRight";
				LD_RUNPATH_SEARCH_PATHS = (
					"$(inherited)",
					"@executable_path/Frameworks",
				);
				MARKETING_VERSION = 1.0;
				PRODUCT_BUNDLE_IDENTIFIER = "com.safiribyetes.Co-op-Bank";
				PRODUCT_NAME = "$(TARGET_NAME)";
				SWIFT_EMIT_LOC_STRINGS = YES;
				SWIFT_VERSION = 5.0;
				TARGETED_DEVICE_FAMILY = "1,2";
			};
			name = Release;
		};
/* End XCBuildConfiguration section */

/* Begin XCConfigurationList section */
		A3B5AB392BF498D900C94C64 /* Build configuration list for PBXProject "Co-op-Bank" */ = {
			isa = XCConfigurationList;
			buildConfigurations = (
				A3B5AB4A2BF498DB00C94C64 /* Debug */,
				A3B5AB4B2BF498DB00C94C64 /* Release */,
			);
			defaultConfigurationIsVisible = 0;
			defaultConfigurationName = Release;
		};
		A3B5AB4C2BF498DB00C94C64 /* Build configuration list for PBXNativeTarget "Co-op-Bank" */ = {
			isa = XCConfigurationList;
			buildConfigurations = (
				A3B5AB4D2BF498DB00C94C64 /* Debug */,
				A3B5AB4E2BF498DB00C94C64 /* Release */,
			);
			defaultConfigurationIsVisible = 0;
			defaultConfigurationName = Release;
		};
/* End XCConfigurationList section */
	};
	rootObject = A3B5AB362BF498D900C94C64 /* Project object */;
}
